
Microsoft Visual Studio Solution File, Format Version 12.00
# Visual Studio 15
Project("{FAE04EC0-301F-11D3-BF4B-00C04F79EFBC}") = "visma", "visma\visma.csproj", "{2C4B1F44-814E-498C-AAD7-31BBC7B0C6C2}"
EndProject
Global
	GlobalSection(SolutionConfigurationPlatforms) = preSolution
		Debug|Any CPU = Debug|Any CPU
		Release|Any CPU = Release|Any CPU
	EndGlobalSection
	GlobalSection(ProjectConfigurationPlatforms) = postSolution
		{2C4B1F44-814E-498C-AAD7-31BBC7B0C6C2}.Debug|Any CPU.ActiveCfg = Debug|Any CPU
		{2C4B1F44-814E-498C-AAD7-31BBC7B0C6C2}.Debug|Any CPU.Build.0 = Debug|Any CPU
		{2C4B1F44-814E-498C-AAD7-31BBC7B0C6C2}.Release|Any CPU.ActiveCfg = Release|Any CPU
		{2C4B1F44-814E-498C-AAD7-31BBC7B0C6C2}.Release|Any CPU.Build.0 = Release|Any CPU
	EndGlobalSection
EndGlobal
